PODS:
  - Alamofire (5.6.4)
  - ReachabilitySwift (5.0.0)
  - Realm (10.47.0):
    - Realm/Headers (= 10.47.0)
  - Realm/Headers (10.47.0)
  - RealmSwift (10.47.0):
    - Realm (= 10.47.0)
  - SVProgressHUD (2.3.1):
    - SVProgressHUD/Core (= 2.3.1)
  - SVProgressHUD/Core (2.3.1)
  - SwiftLint (0.54.0)

DEPENDENCIES:
  - Alamofire (~> 5.6.2)
  - ReachabilitySwift
  - RealmSwift (~> 10)
  - SVProgressHUD
  - SwiftLint

SPEC REPOS:
  https://github.com/CocoaPods/Specs.git:
    - Alamofire
    - ReachabilitySwift
    - Realm
    - RealmSwift
    - SVProgressHUD
    - SwiftLint

SPEC CHECKSUMS:
  Alamofire: 4e95d97098eacb88856099c4fc79b526a299e48c
  ReachabilitySwift: 985039c6f7b23a1da463388634119492ff86c825
  Realm: e43fb540ae947497e3ea8a662443256920602060
  RealmSwift: 8b06ed06b5d16749ae0c4d91c0cba414a9e28189
  SVProgressHUD: 4837c74bdfe2e51e8821c397825996a8d7de6e22
  SwiftLint: c1de071d9d08c8aba837545f6254315bc900e211

PODFILE CHECKSUM: 1ee8b99b01b7ab30f4905724d5be8afa4b80f0fa

COCOAPODS: 1.14.3
